
Microsoft Visual Studio Solution File, Format Version 12.00
# Visual Studio Version 17
VisualStudioVersion = 17.7.34221.43
MinimumVisualStudioVersion = 10.0.40219.1
Project("{FAE04EC0-301F-11D3-BF4B-00C04F79EFBC}") = "ejrcicios_sem_14.2", "ejrcicios_sem_14.2\ejrcicios_sem_14.2.csproj", "{558818B0-F1B3-4563-B17D-906EBEB2524B}"
EndProject
Global
	GlobalSection(SolutionConfigurationPlatforms) = preSolution
		Debug|Any CPU = Debug|Any CPU
		Release|Any CPU = Release|Any CPU
	EndGlobalSection
	GlobalSection(ProjectConfigurationPlatforms) = postSolution
		{558818B0-F1B3-4563-B17D-906EBEB2524B}.Debug|Any CPU.ActiveCfg = Debug|Any CPU
		{558818B0-F1B3-4563-B17D-906EBEB2524B}.Debug|Any CPU.Build.0 = Debug|Any CPU
		{558818B0-F1B3-4563-B17D-906EBEB2524B}.Release|Any CPU.ActiveCfg = Release|Any CPU
		{558818B0-F1B3-4563-B17D-906EBEB2524B}.Release|Any CPU.Build.0 = Release|Any CPU
	EndGlobalSection
	GlobalSection(SolutionProperties) = preSolution
		HideSolutionNode = FALSE
	EndGlobalSection
	GlobalSection(ExtensibilityGlobals) = postSolution
		SolutionGuid = {1E6B4E19-6A50-4D4F-8FC2-6A15E9C3D193}
	EndGlobalSection
EndGlobal
